
Microsoft Visual Studio Solution File, Format Version 12.00
# Visual Studio Version 18
VisualStudioVersion = 18.3.11527.330 d18.3
MinimumVisualStudioVersion = 10.0.40219.1
Project("{FAE04EC0-301F-11D3-BF4B-00C04F79EFBC}") = "AO2", "AOBot-Testing\AO2.csproj", "{6A46B264-7F00-4CFB-9BC9-6C9214941B6A}"
EndProject
Project("{FAE04EC0-301F-11D3-BF4B-00C04F79EFBC}") = "UnitTests", "UnitTests\UnitTests.csproj", "{AC486D75-7270-4173-9786-BC78352BF237}"
EndProject
Project("{FAE04EC0-301F-11D3-BF4B-00C04F79EFBC}") = "Common", "Common\Common.csproj", "{896B0D36-1D64-464D-8C75-53B6BA8E5977}"
EndProject
Project("{FAE04EC0-301F-11D3-BF4B-00C04F79EFBC}") = "OceanyaClient", "OceanyaClient\OceanyaClient.csproj", "{793EBC78-CBC4-42BE-8B0A-95DE76584D7D}"
EndProject
Project("{FAE04EC0-301F-11D3-BF4B-00C04F79EFBC}") = "OceanyaHivemindAgent", "OceanyaHivemindAgent\OceanyaHivemindAgent.csproj", "{59A5A1A5-1B93-4706-8D2E-15BC1B08D8D4}"
EndProject
Project("{FAE04EC0-301F-11D3-BF4B-00C04F79EFBC}") = "AO2 AI Bot", "AO2AIBot\AO2AIBot.csproj", "{0E596BD8-9D0B-40E6-B0A0-6C86D2A6588A}"
EndProject
Project("{FAE04EC0-301F-11D3-BF4B-00C04F79EFBC}") = "UiAutomationTests", "UiAutomationTests\UiAutomationTests.csproj", "{9A3C0D8D-4C17-4D2B-9B49-57DF7FE6D0ED}"
EndProject
Project("{2150E333-8FDC-42A3-9474-1A3956D46DE8}") = "Solution Items", "Solution Items", "{6F313B9C-030C-4ABC-86D0-457D68A84AEA}"
	ProjectSection(SolutionItems) = preProject
		Directory.Build.props = Directory.Build.props
		AGENTS.md = AGENTS.md
	EndProjectSection
EndProject
Project("{2150E333-8FDC-42A3-9474-1A3956D46DE8}") = "Documentation", "Documentation", "{E2E466CC-4456-49E0-975D-6D4498440A5A}"
	ProjectSection(SolutionItems) = preProject
		Documentation\AO2-Chat-Config-Coloring-Guide.md = Documentation\AO2-Chat-Config-Coloring-Guide.md
		Documentation\AgentDocumentationWorkflow.md = Documentation\AgentDocumentationWorkflow.md
		Documentation\CharacterFileCreator.md = Documentation\CharacterFileCreator.md
		Documentation\FeatureIndex.md = Documentation\FeatureIndex.md
		Documentation\ReleasePackaging.md = Documentation\ReleasePackaging.md
		Documentation\ReleaseNotes\OceanyaClient-v4.0.md = Documentation\ReleaseNotes\OceanyaClient-v4.0.md
		Documentation\TaggingCharacters\CharacterFolderIdentitySummary.md = Documentation\TaggingCharacters\CharacterFolderIdentitySummary.md
		Documentation\TaggingCharacters\CharacterTaggingMigrationGuide.md = Documentation\TaggingCharacters\CharacterTaggingMigrationGuide.md
		Documentation\TaggingCharacters\character_folder_tags_backup_20260222_135533.json = Documentation\TaggingCharacters\character_folder_tags_backup_20260222_135533.json
		Documentation\TaggingCharacters\TaggingForWindowsTags.md = Documentation\TaggingCharacters\TaggingForWindowsTags.md
	EndProjectSection
EndProject
Global
	GlobalSection(SolutionConfigurationPlatforms) = preSolution
		Debug|Any CPU = Debug|Any CPU
		Release|Any CPU = Release|Any CPU
	EndGlobalSection
	GlobalSection(ProjectConfigurationPlatforms) = postSolution
		{6A46B264-7F00-4CFB-9BC9-6C9214941B6A}.Debug|Any CPU.ActiveCfg = Debug|Any CPU
		{6A46B264-7F00-4CFB-9BC9-6C9214941B6A}.Debug|Any CPU.Build.0 = Debug|Any CPU
		{6A46B264-7F00-4CFB-9BC9-6C9214941B6A}.Release|Any CPU.ActiveCfg = Release|Any CPU
		{6A46B264-7F00-4CFB-9BC9-6C9214941B6A}.Release|Any CPU.Build.0 = Release|Any CPU
		{AC486D75-7270-4173-9786-BC78352BF237}.Debug|Any CPU.ActiveCfg = Debug|Any CPU
		{AC486D75-7270-4173-9786-BC78352BF237}.Debug|Any CPU.Build.0 = Debug|Any CPU
		{AC486D75-7270-4173-9786-BC78352BF237}.Release|Any CPU.ActiveCfg = Release|Any CPU
		{AC486D75-7270-4173-9786-BC78352BF237}.Release|Any CPU.Build.0 = Release|Any CPU
		{896B0D36-1D64-464D-8C75-53B6BA8E5977}.Debug|Any CPU.ActiveCfg = Debug|Any CPU
		{896B0D36-1D64-464D-8C75-53B6BA8E5977}.Debug|Any CPU.Build.0 = Debug|Any CPU
		{896B0D36-1D64-464D-8C75-53B6BA8E5977}.Release|Any CPU.ActiveCfg = Release|Any CPU
		{896B0D36-1D64-464D-8C75-53B6BA8E5977}.Release|Any CPU.Build.0 = Release|Any CPU
		{793EBC78-CBC4-42BE-8B0A-95DE76584D7D}.Debug|Any CPU.ActiveCfg = Debug|Any CPU
		{793EBC78-CBC4-42BE-8B0A-95DE76584D7D}.Debug|Any CPU.Build.0 = Debug|Any CPU
		{793EBC78-CBC4-42BE-8B0A-95DE76584D7D}.Release|Any CPU.ActiveCfg = Release|Any CPU
		{793EBC78-CBC4-42BE-8B0A-95DE76584D7D}.Release|Any CPU.Build.0 = Release|Any CPU
		{59A5A1A5-1B93-4706-8D2E-15BC1B08D8D4}.Debug|Any CPU.ActiveCfg = Debug|Any CPU
		{59A5A1A5-1B93-4706-8D2E-15BC1B08D8D4}.Debug|Any CPU.Build.0 = Debug|Any CPU
		{59A5A1A5-1B93-4706-8D2E-15BC1B08D8D4}.Release|Any CPU.ActiveCfg = Release|Any CPU
		{59A5A1A5-1B93-4706-8D2E-15BC1B08D8D4}.Release|Any CPU.Build.0 = Release|Any CPU
		{0E596BD8-9D0B-40E6-B0A0-6C86D2A6588A}.Debug|Any CPU.ActiveCfg = Debug|Any CPU
		{0E596BD8-9D0B-40E6-B0A0-6C86D2A6588A}.Debug|Any CPU.Build.0 = Debug|Any CPU
		{0E596BD8-9D0B-40E6-B0A0-6C86D2A6588A}.Release|Any CPU.ActiveCfg = Release|Any CPU
		{0E596BD8-9D0B-40E6-B0A0-6C86D2A6588A}.Release|Any CPU.Build.0 = Release|Any CPU
		{9A3C0D8D-4C17-4D2B-9B49-57DF7FE6D0ED}.Debug|Any CPU.ActiveCfg = Debug|Any CPU
		{9A3C0D8D-4C17-4D2B-9B49-57DF7FE6D0ED}.Debug|Any CPU.Build.0 = Debug|Any CPU
		{9A3C0D8D-4C17-4D2B-9B49-57DF7FE6D0ED}.Release|Any CPU.ActiveCfg = Release|Any CPU
		{9A3C0D8D-4C17-4D2B-9B49-57DF7FE6D0ED}.Release|Any CPU.Build.0 = Release|Any CPU
	EndGlobalSection
	GlobalSection(SolutionProperties) = preSolution
		HideSolutionNode = FALSE
	EndGlobalSection
	GlobalSection(ExtensibilityGlobals) = postSolution
		SolutionGuid = {39D6E2E5-CF02-4579-905A-D65227A52720}
	EndGlobalSection
EndGlobal
